
Microsoft Visual Studio Solution File, Format Version 12.00
# Visual Studio 15
Project("{FAE04EC0-301F-11D3-BF4B-00C04F79EFBC}") = "OrchardCore.Cms.Web", "OrchardCore.Cms.Web.csproj", "{9D31E20A-EAB9-40B8-A493-5457A05E7CEA}"
EndProject
Project("{FAE04EC0-301F-11D3-BF4B-00C04F79EFBC}") = "OrchardCore.Hosting.Console", "..\OrchardCore\OrchardCore.Hosting.Console\OrchardCore.Hosting.Console.csproj", "{32D5D2AD-3D51-4586-8EB0-3505B403E6E6}"
EndProject
Project("{FAE04EC0-301F-11D3-BF4B-00C04F79EFBC}") = "OrchardCore.Logging.NLog", "..\OrchardCore\OrchardCore.Logging.NLog\OrchardCore.Logging.NLog.csproj", "{64A61CB0-704A-477E-AED0-83726202261F}"
EndProject
Project("{FAE04EC0-301F-11D3-BF4B-00C04F79EFBC}") = "OrchardCore.Application.Cms.Targets", "..\OrchardCore\OrchardCore.Application.Cms.Targets\OrchardCore.Application.Cms.Targets.csproj", "{B077B835-51EB-400A-9DD5-88318648B0BC}"
EndProject
Global
	GlobalSection(SolutionConfigurationPlatforms) = preSolution
		Debug|Any CPU = Debug|Any CPU
		Release|Any CPU = Release|Any CPU
	EndGlobalSection
	GlobalSection(ProjectConfigurationPlatforms) = postSolution
		{9D31E20A-EAB9-40B8-A493-5457A05E7CEA}.Debug|Any CPU.ActiveCfg = Debug|Any CPU
		{9D31E20A-EAB9-40B8-A493-5457A05E7CEA}.Debug|Any CPU.Build.0 = Debug|Any CPU
		{9D31E20A-EAB9-40B8-A493-5457A05E7CEA}.Release|Any CPU.ActiveCfg = Release|Any CPU
		{9D31E20A-EAB9-40B8-A493-5457A05E7CEA}.Release|Any CPU.Build.0 = Release|Any CPU
		{32D5D2AD-3D51-4586-8EB0-3505B403E6E6}.Debug|Any CPU.ActiveCfg = Debug|Any CPU
		{32D5D2AD-3D51-4586-8EB0-3505B403E6E6}.Debug|Any CPU.Build.0 = Debug|Any CPU
		{32D5D2AD-3D51-4586-8EB0-3505B403E6E6}.Release|Any CPU.ActiveCfg = Release|Any CPU
		{32D5D2AD-3D51-4586-8EB0-3505B403E6E6}.Release|Any CPU.Build.0 = Release|Any CPU
		{64A61CB0-704A-477E-AED0-83726202261F}.Debug|Any CPU.ActiveCfg = Debug|Any CPU
		{64A61CB0-704A-477E-AED0-83726202261F}.Debug|Any CPU.Build.0 = Debug|Any CPU
		{64A61CB0-704A-477E-AED0-83726202261F}.Release|Any CPU.ActiveCfg = Release|Any CPU
		{64A61CB0-704A-477E-AED0-83726202261F}.Release|Any CPU.Build.0 = Release|Any CPU
		{B077B835-51EB-400A-9DD5-88318648B0BC}.Debug|Any CPU.ActiveCfg = Debug|Any CPU
		{B077B835-51EB-400A-9DD5-88318648B0BC}.Debug|Any CPU.Build.0 = Debug|Any CPU
		{B077B835-51EB-400A-9DD5-88318648B0BC}.Release|Any CPU.ActiveCfg = Release|Any CPU
		{B077B835-51EB-400A-9DD5-88318648B0BC}.Release|Any CPU.Build.0 = Release|Any CPU
	EndGlobalSection
EndGlobal
